{
  "name": "test",
  "version": "1.0.0",
  "lockfileVersion": 1,
  "requires": true,
  "dependencies": {
    "lodash": {
      "version": "4.17.11",
      "resolved": "https://www.myget.org/F/unidays-release/auth/4a06a70f-8e94-4c3a-87f9-00070270bc74/npm/lodash/-/lodash-4.17.11.tgz",
      "integrity": "sha1-s56mIp72B+zYniyN8SU2iRysm40="
    }
  }
}
